
Microsoft Visual Studio Solution File, Format Version 12.00
# Visual Studio Version 16
VisualStudioVersion = 16.0.31205.134
MinimumVisualStudioVersion = 10.0.40219.1
Project("{8BC9CEB8-8B4A-11D0-8D11-00A0C91BC942}") = "BBS", "BBS\BBS.vcxproj", "{06ADDF10-FEC0-4E2B-8489-5251CB869A0E}"
EndProject
Global
	GlobalSection(SolutionConfigurationPlatforms) = preSolution
		Debug|x64 = Debug|x64
		Debug|x86 = Debug|x86
		Release|x64 = Release|x64
		Release|x86 = Release|x86
	EndGlobalSection
	GlobalSection(ProjectConfigurationPlatforms) = postSolution
		{06ADDF10-FEC0-4E2B-8489-5251CB869A0E}.Debug|x64.ActiveCfg = Debug|x64
		{06ADDF10-FEC0-4E2B-8489-5251CB869A0E}.Debug|x64.Build.0 = Debug|x64
		{06ADDF10-FEC0-4E2B-8489-5251CB869A0E}.Debug|x86.ActiveCfg = Debug|Win32
		{06ADDF10-FEC0-4E2B-8489-5251CB869A0E}.Debug|x86.Build.0 = Debug|Win32
		{06ADDF10-FEC0-4E2B-8489-5251CB869A0E}.Release|x64.ActiveCfg = Release|x64
		{06ADDF10-FEC0-4E2B-8489-5251CB869A0E}.Release|x64.Build.0 = Release|x64
		{06ADDF10-FEC0-4E2B-8489-5251CB869A0E}.Release|x86.ActiveCfg = Release|Win32
		{06ADDF10-FEC0-4E2B-8489-5251CB869A0E}.Release|x86.Build.0 = Release|Win32
	EndGlobalSection
	GlobalSection(SolutionProperties) = preSolution
		HideSolutionNode = FALSE
	EndGlobalSection
	GlobalSection(ExtensibilityGlobals) = postSolution
		SolutionGuid = {9BFB7F36-F57A-4B4C-8333-5766063A1E28}
	EndGlobalSection
EndGlobal
